
Microsoft Visual Studio Solution File, Format Version 12.00
# Visual Studio Version 16
VisualStudioVersion = 16.0.31321.278
MinimumVisualStudioVersion = 10.0.40219.1
Project("{FAE04EC0-301F-11D3-BF4B-00C04F79EFBC}") = "BA_11_C_sharp", "BA_11_C_sharp.csproj", "{2F2AEAE9-1D7D-4A79-8391-8F52D01C5336}"
EndProject
Global
	GlobalSection(SolutionConfigurationPlatforms) = preSolution
		Debug|Any CPU = Debug|Any CPU
		Release|Any CPU = Release|Any CPU
	EndGlobalSection
	GlobalSection(ProjectConfigurationPlatforms) = postSolution
		{2F2AEAE9-1D7D-4A79-8391-8F52D01C5336}.Debug|Any CPU.ActiveCfg = Debug|Any CPU
		{2F2AEAE9-1D7D-4A79-8391-8F52D01C5336}.Debug|Any CPU.Build.0 = Debug|Any CPU
		{2F2AEAE9-1D7D-4A79-8391-8F52D01C5336}.Release|Any CPU.ActiveCfg = Release|Any CPU
		{2F2AEAE9-1D7D-4A79-8391-8F52D01C5336}.Release|Any CPU.Build.0 = Release|Any CPU
	EndGlobalSection
	GlobalSection(SolutionProperties) = preSolution
		HideSolutionNode = FALSE
	EndGlobalSection
	GlobalSection(ExtensibilityGlobals) = postSolution
		SolutionGuid = {DEE25AA3-B78A-4D45-B789-CE162E439C59}
	EndGlobalSection
EndGlobal
